
Microsoft Visual Studio Solution File, Format Version 11.00
# Visual Studio 2010
Project("{FAE04EC0-301F-11D3-BF4B-00C04F79EFBC}") = "PrimeraClase", "Assembly-CSharp.csproj", "{EEA34817-92EB-F2E9-0D93-C980F4078EF0}"
EndProject
Global
	GlobalSection(SolutionConfigurationPlatforms) = preSolution
		Debug|Any CPU = Debug|Any CPU
		Release|Any CPU = Release|Any CPU
	EndGlobalSection
	GlobalSection(ProjectConfigurationPlatforms) = postSolution
		{EEA34817-92EB-F2E9-0D93-C980F4078EF0}.Debug|Any CPU.ActiveCfg = Debug|Any CPU
		{EEA34817-92EB-F2E9-0D93-C980F4078EF0}.Debug|Any CPU.Build.0 = Debug|Any CPU
		{EEA34817-92EB-F2E9-0D93-C980F4078EF0}.Release|Any CPU.ActiveCfg = Release|Any CPU
		{EEA34817-92EB-F2E9-0D93-C980F4078EF0}.Release|Any CPU.Build.0 = Release|Any CPU
	EndGlobalSection
	GlobalSection(SolutionProperties) = preSolution
		HideSolutionNode = FALSE
	EndGlobalSection
	GlobalSection(MonoDevelopProperties) = preSolution
		StartupItem = Assembly-CSharp.csproj
	EndGlobalSection
EndGlobal
